Microsoft Visual Studio Solution File, Format Version 12.00
# Visual Studio Version 17
VisualStudioVersion = 17.5.2.0
MinimumVisualStudioVersion = 10.0.40219.1
Project("{FAE04EC0-301F-11D3-BF4B-00C04F79EFBC}") = "Agri_Energy_Connect", "Agri_Energy_Connect.csproj", "{CDA9FD12-D92F-B232-4DCE-A7AE43E4120F}"
EndProject
Global
	GlobalSection(SolutionConfigurationPlatforms) = preSolution
		Debug|Any CPU = Debug|Any CPU
		Release|Any CPU = Release|Any CPU
	EndGlobalSection
	GlobalSection(ProjectConfigurationPlatforms) = postSolution
		{CDA9FD12-D92F-B232-4DCE-A7AE43E4120F}.Debug|Any CPU.ActiveCfg = Debug|Any CPU
		{CDA9FD12-D92F-B232-4DCE-A7AE43E4120F}.Debug|Any CPU.Build.0 = Debug|Any CPU
		{CDA9FD12-D92F-B232-4DCE-A7AE43E4120F}.Release|Any CPU.ActiveCfg = Release|Any CPU
		{CDA9FD12-D92F-B232-4DCE-A7AE43E4120F}.Release|Any CPU.Build.0 = Release|Any CPU
	EndGlobalSection
	GlobalSection(SolutionProperties) = preSolution
		HideSolutionNode = FALSE
	EndGlobalSection
	GlobalSection(ExtensibilityGlobals) = postSolution
		SolutionGuid = {C8BC3C9E-ADB7-46D3-BDED-5609DA95CCB2}
	EndGlobalSection
EndGlobal
